
Microsoft Visual Studio Solution File, Format Version 12.00
# Visual Studio Version 17
VisualStudioVersion = 17.0.31808.319
MinimumVisualStudioVersion = 10.0.40219.1
Project("{FAE04EC0-301F-11D3-BF4B-00C04F79EFBC}") = "ContactMeService", "ContactMeService\ContactMeService.csproj", "{356C6A9A-EDAC-4380-B165-10E09AF451F4}"
EndProject
Global
	GlobalSection(SolutionConfigurationPlatforms) = preSolution
		Debug|Any CPU = Debug|Any CPU
		Release|Any CPU = Release|Any CPU
	EndGlobalSection
	GlobalSection(ProjectConfigurationPlatforms) = postSolution
		{356C6A9A-EDAC-4380-B165-10E09AF451F4}.Debug|Any CPU.ActiveCfg = Debug|Any CPU
		{356C6A9A-EDAC-4380-B165-10E09AF451F4}.Debug|Any CPU.Build.0 = Debug|Any CPU
		{356C6A9A-EDAC-4380-B165-10E09AF451F4}.Release|Any CPU.ActiveCfg = Release|Any CPU
		{356C6A9A-EDAC-4380-B165-10E09AF451F4}.Release|Any CPU.Build.0 = Release|Any CPU
	EndGlobalSection
	GlobalSection(SolutionProperties) = preSolution
		HideSolutionNode = FALSE
	EndGlobalSection
	GlobalSection(ExtensibilityGlobals) = postSolution
		SolutionGuid = {556A25E3-5AD3-4E1A-AEC4-314B7C5B4F3B}
	EndGlobalSection
EndGlobal
